{
  "name": "examples",
  "version": "1.0.0",
  "lockfileVersion": 2,
  "requires": true,
  "packages": {
    "": {
      "name": "examples",
      "version": "1.0.0",
      "license": "MIT",
      "dependencies": {
        "wz-view-ui": "^1.0.20"
      }
    },
    "node_modules/wvutils": {
      "version": "1.0.0",
      "resolved": "https://registry.npmjs.org/wvutils/-/wvutils-1.0.0.tgz",
      "integrity": "sha512-u78/nH5qMqAfHJpnB7RXEsGsyYpAHpx1OFw7nvM37AZxAf1JHcl5/x1+Rm612VXSZOpMKZW+YTP7O23fUEnwwQ=="
    },
    "node_modules/wz-view-ui": {
      "version": "1.0.20",
      "resolved": "https://registry.npmjs.org/wz-view-ui/-/wz-view-ui-1.0.20.tgz",
      "integrity": "sha512-CYEAeCVRetkkBwYYdKmFrT9hrPBO9X1cvcpUuvd7gPZ9eidTvfbpUuLiCt1LYhN9Ffyza77IXX1tA3TjSl2y9A==",
      "dependencies": {
        "wvutils": "1.0.0"
      }
    }
  },
  "dependencies": {
    "wvutils": {
      "version": "1.0.0",
      "resolved": "https://registry.npmjs.org/wvutils/-/wvutils-1.0.0.tgz",
      "integrity": "sha512-u78/nH5qMqAfHJpnB7RXEsGsyYpAHpx1OFw7nvM37AZxAf1JHcl5/x1+Rm612VXSZOpMKZW+YTP7O23fUEnwwQ=="
    },
    "wz-view-ui": {
      "version": "1.0.20",
      "resolved": "https://registry.npmjs.org/wz-view-ui/-/wz-view-ui-1.0.20.tgz",
      "integrity": "sha512-CYEAeCVRetkkBwYYdKmFrT9hrPBO9X1cvcpUuvd7gPZ9eidTvfbpUuLiCt1LYhN9Ffyza77IXX1tA3TjSl2y9A==",
      "requires": {
        "wvutils": "1.0.0"
      }
    }
  }
}
