{
  "name": "examples",
  "version": "1.0.0",
  "lockfileVersion": 2,
  "requires": true,
  "packages": {
    "": {
      "name": "examples",
      "version": "1.0.0",
      "license": "MIT",
      "dependencies": {
        "wz-view-ui": "^1.0.21"
      }
    },
    "node_modules/wz-view-ui": {
      "version": "1.0.21",
      "resolved": "https://registry.npmjs.org/wz-view-ui/-/wz-view-ui-1.0.21.tgz",
      "integrity": "sha512-O/4CTkEJ3735zqQgyMDD1VwEby0NHdT1JjG6GWHdnmLh9IGCN1Da+sJFqrZpJc3d5/HMPGQoAF+bAVL5Nyj6bg=="
    }
  },
  "dependencies": {
    "wz-view-ui": {
      "version": "1.0.21",
      "resolved": "https://registry.npmjs.org/wz-view-ui/-/wz-view-ui-1.0.21.tgz",
      "integrity": "sha512-O/4CTkEJ3735zqQgyMDD1VwEby0NHdT1JjG6GWHdnmLh9IGCN1Da+sJFqrZpJc3d5/HMPGQoAF+bAVL5Nyj6bg=="
    }
  }
}
